<?xml version="1.0" encoding="utf-8"?>
<Project ToolsVersion="4.0" xmlns="http://schemas.microsoft.com/developer/msbuild/2003">
  <ItemGroup>
    <ClCompile Include="..\..\libcob\call.c" />
    <ClCompile Include="..\..\libcob\cobgetopt.c" />
    <ClCompile Include="..\..\libcob\common.c" />
    <ClCompile Include="..\..\libcob\fileio.c" />
    <ClCompile Include="..\..\libcob\intrinsic.c" />
    <ClCompile Include="..\..\libcob\mlio.c" />
    <ClCompile Include="..\..\libcob\move.c" />
    <ClCompile Include="..\..\libcob\numeric.c" />
    <ClCompile Include="..\..\libcob\reportio.c" />
    <ClCompile Include="..\..\libcob\screenio.c" />
    <ClCompile Include="..\..\libcob\strings.c" />
    <ClCompile Include="..\..\libcob\termio.c" />
  </ItemGroup>
  <ItemGroup>
    <ClInclude Include="..\..\libcob.h" />
    <ClInclude Include="..\config.h" />
    <ClInclude Include="..\..\libcob\cobgetopt.h" />
    <ClInclude Include="..\..\libcob\coblocal.h" />
    <ClInclude Include="..\..\libcob\common.h" />
  </ItemGroup>
  <ItemGroup>
    <ResourceCompile Include="..\version_libcob.rc" />
  </ItemGroup>
  <ItemGroup>
    <None Include="..\..\libcob\exception-io.def" />
    <None Include="..\..\libcob\exception.def" />
    <None Include="..\..\libcob\system.def" />
    <None Include="..\..\libcob\ChangeLog" />
  </ItemGroup>
</Project>